// !$*UTF8*$!
{
	archiveVersion = 1;
	classes = {
	};
	objectVersion = 50;
	objects = {

/* Begin PBXBuildFile section */
		48141654207C5571009BF683 /* AppDelegate.swift in Sources */ = {isa = PBXBuildFile; fileRef = 48141653207C5571009BF683 /* AppDelegate.swift */; };
		48141659207C5571009BF683 /* Main.storyboard in Resources */ = {isa = PBXBuildFile; fileRef = 48141657207C5571009BF683 /* Main.storyboard */; };
		4814165B207C5575009BF683 /* Assets.xcassets in Resources */ = {isa = PBXBuildFile; fileRef = 4814165A207C5575009BF683 /* Assets.xcassets */; };
		4814165E207C5575009BF683 /* LaunchScreen.storyboard in Resources */ = {isa = PBXBuildFile; fileRef = 4814165C207C5575009BF683 /* LaunchScreen.storyboard */; };
		4870D4392097693500584303 /* GalleryViewController.swift in Sources */ = {isa = PBXBuildFile; fileRef = 4870D4382097693500584303 /* GalleryViewController.swift */; };
		4870D43B20976BB900584303 /* ProcessImage.swift in Sources */ = {isa = PBXBuildFile; fileRef = 4870D43A20976BB900584303 /* ProcessImage.swift */; };
		4870D43D2097E88500584303 /* SelectGalleryViewController.swift in Sources */ = {isa = PBXBuildFile; fileRef = 4870D43C2097E88500584303 /* SelectGalleryViewController.swift */; };
		4870D4452098BD6600584303 /* MediaCollectionViewCell.swift in Sources */ = {isa = PBXBuildFile; fileRef = 4870D4442098BD6600584303 /* MediaCollectionViewCell.swift */; };
		4870D4472098CAA700584303 /* MediaDetailViewController.swift in Sources */ = {isa = PBXBuildFile; fileRef = 4870D4462098CAA700584303 /* MediaDetailViewController.swift */; };
		488569272093EB100048855B /* MainViewController.swift in Sources */ = {isa = PBXBuildFile; fileRef = 488569262093EB100048855B /* MainViewController.swift */; };
		488569292093EB7F0048855B /* AnalizeViewController.swift in Sources */ = {isa = PBXBuildFile; fileRef = 488569282093EB7F0048855B /* AnalizeViewController.swift */; };
		48B368CE2096376000A7B526 /* SendButton.swift in Sources */ = {isa = PBXBuildFile; fileRef = 48B368CD2096376000A7B526 /* SendButton.swift */; };
		7276A1AFA18CB39A288E7016 /* Pods_AgroEvo.framework in Frameworks */ = {isa = PBXBuildFile; fileRef = E04B8660DB1D634E975D1457 /* Pods_AgroEvo.framework */; };
/* End PBXBuildFile section */

/* Begin PBXFileReference section */
		48141650207C5571009BF683 /* AgroEvo.app */ = {isa = PBXFileReference; explicitFileType = wrapper.application; includeInIndex = 0; path = AgroEvo.app; sourceTree = BUILT_PRODUCTS_DIR; };
		48141653207C5571009BF683 /* AppDelegate.swift */ = {isa = PBXFileReference; lastKnownFileType = sourcecode.swift; path = AppDelegate.swift; sourceTree = "<group>"; };
		48141658207C5571009BF683 /* Base */ = {isa = PBXFileReference; lastKnownFileType = file.storyboard; name = Base; path = Base.lproj/Main.storyboard; sourceTree = "<group>"; };
		4814165A207C5575009BF683 /* Assets.xcassets */ = {isa = PBXFileReference; lastKnownFileType = folder.assetcatalog; path = Assets.xcassets; sourceTree = "<group>"; };
		4814165D207C5575009BF683 /* Base */ = {isa = PBXFileReference; lastKnownFileType = file.storyboard; name = Base; path = Base.lproj/LaunchScreen.storyboard; sourceTree = "<group>"; };
		4814165F207C5575009BF683 /* Info.plist */ = {isa = PBXFileReference; lastKnownFileType = text.plist.xml; path = Info.plist; sourceTree = "<group>"; };
		4870D4382097693500584303 /* GalleryViewController.swift */ = {isa = PBXFileReference; lastKnownFileType = sourcecode.swift; path = GalleryViewController.swift; sourceTree = "<group>"; };
		4870D43A20976BB900584303 /* ProcessImage.swift */ = {isa = PBXFileReference; lastKnownFileType = sourcecode.swift; path = ProcessImage.swift; sourceTree = "<group>"; };
		4870D43C2097E88500584303 /* SelectGalleryViewController.swift */ = {isa = PBXFileReference; lastKnownFileType = sourcecode.swift; path = SelectGalleryViewController.swift; sourceTree = "<group>"; };
		4870D4442098BD6600584303 /* MediaCollectionViewCell.swift */ = {isa = PBXFileReference; lastKnownFileType = sourcecode.swift; path = MediaCollectionViewCell.swift; sourceTree = "<group>"; };
		4870D4462098CAA700584303 /* MediaDetailViewController.swift */ = {isa = PBXFileReference; lastKnownFileType = sourcecode.swift; path = MediaDetailViewController.swift; sourceTree = "<group>"; };
		488569262093EB100048855B /* MainViewController.swift */ = {isa = PBXFileReference; lastKnownFileType = sourcecode.swift; path = MainViewController.swift; sourceTree = "<group>"; };
		488569282093EB7F0048855B /* AnalizeViewController.swift */ = {isa = PBXFileReference; lastKnownFileType = sourcecode.swift; path = AnalizeViewController.swift; sourceTree = "<group>"; };
		48B368CD2096376000A7B526 /* SendButton.swift */ = {isa = PBXFileReference; lastKnownFileType = sourcecode.swift; path = SendButton.swift; sourceTree = "<group>"; };
		707FA9453FEF9287F3BE7A86 /* Pods-AgroEvo.debug.xcconfig */ = {isa = PBXFileReference; includeInIndex = 1; lastKnownFileType = text.xcconfig; name = "Pods-AgroEvo.debug.xcconfig"; path = "Pods/Target Support Files/Pods-AgroEvo/Pods-AgroEvo.debug.xcconfig"; sourceTree = "<group>"; };
		DB888AB558D327039E1003B5 /* Pods-AgroEvo.release.xcconfig */ = {isa = PBXFileReference; includeInIndex = 1; lastKnownFileType = text.xcconfig; name = "Pods-AgroEvo.release.xcconfig"; path = "Pods/Target Support Files/Pods-AgroEvo/Pods-AgroEvo.release.xcconfig"; sourceTree = "<group>"; };
		E04B8660DB1D634E975D1457 /* Pods_AgroEvo.framework */ = {isa = PBXFileReference; explicitFileType = wrapper.framework; includeInIndex = 0; path = Pods_AgroEvo.framework; sourceTree = BUILT_PRODUCTS_DIR; };
/* End PBXFileReference section */

/* Begin PBXFrameworksBuildPhase section */
		4814164D207C5571009BF683 /* Frameworks */ = {
			isa = PBXFrameworksBuildPhase;
			buildActionMask = 2147483647;
			files = (
				7276A1AFA18CB39A288E7016 /* Pods_AgroEvo.framework in Frameworks */,
			);
			runOnlyForDeploymentPostprocessing = 0;
		};
/* End PBXFrameworksBuildPhase section */

/* Begin PBXGroup section */
		48141647207C5571009BF683 = {
			isa = PBXGroup;
			children = (
				48141652207C5571009BF683 /* AgroEvo */,
				48141651207C5571009BF683 /* Products */,
				DBE9CBF5F3AEE8C37B596FB0 /* Pods */,
				7B4A51E67797DDBD4125042A /* Frameworks */,
			);
			sourceTree = "<group>";
		};
		48141651207C5571009BF683 /* Products */ = {
			isa = PBXGroup;
			children = (
				48141650207C5571009BF683 /* AgroEvo.app */,
			);
			name = Products;
			sourceTree = "<group>";
		};
		48141652207C5571009BF683 /* AgroEvo */ = {
			isa = PBXGroup;
			children = (
				48141653207C5571009BF683 /* AppDelegate.swift */,
				48141657207C5571009BF683 /* Main.storyboard */,
				4870D4382097693500584303 /* GalleryViewController.swift */,
				4870D43C2097E88500584303 /* SelectGalleryViewController.swift */,
				4870D4442098BD6600584303 /* MediaCollectionViewCell.swift */,
				4870D43A20976BB900584303 /* ProcessImage.swift */,
				48B368CD2096376000A7B526 /* SendButton.swift */,
				4870D4462098CAA700584303 /* MediaDetailViewController.swift */,
				488569282093EB7F0048855B /* AnalizeViewController.swift */,
				488569262093EB100048855B /* MainViewController.swift */,
				4814165A207C5575009BF683 /* Assets.xcassets */,
				4814165C207C5575009BF683 /* LaunchScreen.storyboard */,
				4814165F207C5575009BF683 /* Info.plist */,
			);
			path = AgroEvo;
			sourceTree = "<group>";
		};
		7B4A51E67797DDBD4125042A /* Frameworks */ = {
			isa = PBXGroup;
			children = (
				E04B8660DB1D634E975D1457 /* Pods_AgroEvo.framework */,
			);
			name = Frameworks;
			sourceTree = "<group>";
		};
		DBE9CBF5F3AEE8C37B596FB0 /* Pods */ = {
			isa = PBXGroup;
			children = (
				707FA9453FEF9287F3BE7A86 /* Pods-AgroEvo.debug.xcconfig */,
				DB888AB558D327039E1003B5 /* Pods-AgroEvo.release.xcconfig */,
			);
			name = Pods;
			sourceTree = "<group>";
		};
/* End PBXGroup section */

/* Begin PBXNativeTarget section */
		4814164F207C5571009BF683 /* AgroEvo */ = {
			isa = PBXNativeTarget;
			buildConfigurationList = 48141662207C5575009BF683 /* Build configuration list for PBXNativeTarget "AgroEvo" */;
			buildPhases = (
				04A68B0A68823936A2A8ED40 /* [CP] Check Pods Manifest.lock */,
				4814164C207C5571009BF683 /* Sources */,
				4814164D207C5571009BF683 /* Frameworks */,
				4814164E207C5571009BF683 /* Resources */,
				923FD668E8F785E3CF432708 /* [CP] Embed Pods Frameworks */,
			);
			buildRules = (
			);
			dependencies = (
			);
			name = AgroEvo;
			productName = AgroEvo;
			productReference = 48141650207C5571009BF683 /* AgroEvo.app */;
			productType = "com.apple.product-type.application";
		};
/* End PBXNativeTarget section */

/* Begin PBXProject section */
		48141648207C5571009BF683 /* Project object */ = {
			isa = PBXProject;
			attributes = {
				LastSwiftUpdateCheck = 0930;
				LastUpgradeCheck = 0930;
				ORGANIZATIONNAME = "Jose Mejia";
				TargetAttributes = {
					4814164F207C5571009BF683 = {
						CreatedOnToolsVersion = 9.3;
					};
				};
			};
			buildConfigurationList = 4814164B207C5571009BF683 /* Build configuration list for PBXProject "AgroEvo" */;
			compatibilityVersion = "Xcode 9.3";
			developmentRegion = en;
			hasScannedForEncodings = 0;
			knownRegions = (
				en,
				Base,
			);
			mainGroup = 48141647207C5571009BF683;
			productRefGroup = 48141651207C5571009BF683 /* Products */;
			projectDirPath = "";
			projectRoot = "";
			targets = (
				4814164F207C5571009BF683 /* AgroEvo */,
			);
		};
/* End PBXProject section */

/* Begin PBXResourcesBuildPhase section */
		4814164E207C5571009BF683 /* Resources */ = {
			isa = PBXResourcesBuildPhase;
			buildActionMask = 2147483647;
			files = (
				4814165E207C5575009BF683 /* LaunchScreen.storyboard in Resources */,
				4814165B207C5575009BF683 /* Assets.xcassets in Resources */,
				48141659207C5571009BF683 /* Main.storyboard in Resources */,
			);
			runOnlyForDeploymentPostprocessing = 0;
		};
/* End PBXResourcesBuildPhase section */

/* Begin PBXShellScriptBuildPhase section */
		04A68B0A68823936A2A8ED40 /* [CP] Check Pods Manifest.lock */ = {
			isa = PBXShellScriptBuildPhase;
			buildActionMask = 2147483647;
			files = (
			);
			inputPaths = (
				"${PODS_PODFILE_DIR_PATH}/Podfile.lock",
				"${PODS_ROOT}/Manifest.lock",
			);
			name = "[CP] Check Pods Manifest.lock";
			outputPaths = (
				"$(DERIVED_FILE_DIR)/Pods-AgroEvo-checkManifestLockResult.txt",
			);
			runOnlyForDeploymentPostprocessing = 0;
			shellPath = /bin/sh;
			shellScript = "diff \"${PODS_PODFILE_DIR_PATH}/Podfile.lock\" \"${PODS_ROOT}/Manifest.lock\" > /dev/null\nif [ $? != 0 ] ; then\n    # print error to STDERR\n    echo \"error: The sandbox is not in sync with the Podfile.lock. Run 'pod install' or update your CocoaPods installation.\" >&2\n    exit 1\nfi\n# This output is used by Xcode 'outputs' to avoid re-running this script phase.\necho \"SUCCESS\" > \"${SCRIPT_OUTPUT_FILE_0}\"\n";
			showEnvVarsInLog = 0;
		};
		923FD668E8F785E3CF432708 /* [CP] Embed Pods Frameworks */ = {
			isa = PBXShellScriptBuildPhase;
			buildActionMask = 2147483647;
			files = (
			);
			inputPaths = (
				"${SRCROOT}/Pods/Target Support Files/Pods-AgroEvo/Pods-AgroEvo-frameworks.sh",
				"${BUILT_PRODUCTS_DIR}/Alamofire/Alamofire.framework",
			);
			name = "[CP] Embed Pods Frameworks";
			outputPaths = (
				"${TARGET_BUILD_DIR}/${FRAMEWORKS_FOLDER_PATH}/Alamofire.framework",
			);
			runOnlyForDeploymentPostprocessing = 0;
			shellPath = /bin/sh;
			shellScript = "\"${SRCROOT}/Pods/Target Support Files/Pods-AgroEvo/Pods-AgroEvo-frameworks.sh\"\n";
			showEnvVarsInLog = 0;
		};
/* End PBXShellScriptBuildPhase section */

/* Begin PBXSourcesBuildPhase section */
		4814164C207C5571009BF683 /* Sources */ = {
			isa = PBXSourcesBuildPhase;
			buildActionMask = 2147483647;
			files = (
				488569272093EB100048855B /* MainViewController.swift in Sources */,
				48B368CE2096376000A7B526 /* SendButton.swift in Sources */,
				4870D4472098CAA700584303 /* MediaDetailViewController.swift in Sources */,
				4870D4392097693500584303 /* GalleryViewController.swift in Sources */,
				4870D43D2097E88500584303 /* SelectGalleryViewController.swift in Sources */,
				4870D43B20976BB900584303 /* ProcessImage.swift in Sources */,
				488569292093EB7F0048855B /* AnalizeViewController.swift in Sources */,
				48141654207C5571009BF683 /* AppDelegate.swift in Sources */,
				4870D4452098BD6600584303 /* MediaCollectionViewCell.swift in Sources */,
			);
			runOnlyForDeploymentPostprocessing = 0;
		};
/* End PBXSourcesBuildPhase section */

/* Begin PBXVariantGroup section */
		48141657207C5571009BF683 /* Main.storyboard */ = {
			isa = PBXVariantGroup;
			children = (
				48141658207C5571009BF683 /* Base */,
			);
			name = Main.storyboard;
			sourceTree = "<group>";
		};
		4814165C207C5575009BF683 /* LaunchScreen.storyboard */ = {
			isa = PBXVariantGroup;
			children = (
				4814165D207C5575009BF683 /* Base */,
			);
			name = LaunchScreen.storyboard;
			sourceTree = "<group>";
		};
/* End PBXVariantGroup section */

/* Begin XCBuildConfiguration section */
		48141660207C5575009BF683 /* Debug */ = {
			isa = XCBuildConfiguration;
			buildSettings = {
				ALWAYS_SEARCH_USER_PATHS = NO;
				CLANG_ANALYZER_NONNULL = YES;
				CLANG_ANALYZER_NUMBER_OBJECT_CONVERSION = YES_AGGRESSIVE;
				CLANG_CXX_LANGUAGE_STANDARD = "gnu++14";
				CLANG_CXX_LIBRARY = "libc++";
				CLANG_ENABLE_MODULES = YES;
				CLANG_ENABLE_OBJC_ARC = YES;
				CLANG_ENABLE_OBJC_WEAK = YES;
				CLANG_WARN_BLOCK_CAPTURE_AUTORELEASING = YES;
				CLANG_WARN_BOOL_CONVERSION = YES;
				CLANG_WARN_COMMA = YES;
				CLANG_WARN_CONSTANT_CONVERSION = YES;
				CLANG_WARN_DEPRECATED_OBJC_IMPLEMENTATIONS = YES;
				CLANG_WARN_DIRECT_OBJC_ISA_USAGE = YES_ERROR;
				CLANG_WARN_DOCUMENTATION_COMMENTS = YES;
				CLANG_WARN_EMPTY_BODY = YES;
				CLANG_WARN_ENUM_CONVERSION = YES;
				CLANG_WARN_INFINITE_RECURSION = YES;
				CLANG_WARN_INT_CONVERSION = YES;
				CLANG_WARN_NON_LITERAL_NULL_CONVERSION = YES;
				CLANG_WARN_OBJC_IMPLICIT_RETAIN_SELF = YES;
				CLANG_WARN_OBJC_LITERAL_CONVERSION = YES;
				CLANG_WARN_OBJC_ROOT_CLASS = YES_ERROR;
				CLANG_WARN_RANGE_LOOP_ANALYSIS = YES;
				CLANG_WARN_STRICT_PROTOTYPES = YES;
				CLANG_WARN_SUSPICIOUS_MOVE = YES;
				CLANG_WARN_UNGUARDED_AVAILABILITY = YES_AGGRESSIVE;
				CLANG_WARN_UNREACHABLE_CODE = YES;
				CLANG_WARN__DUPLICATE_METHOD_MATCH = YES;
				CODE_SIGN_IDENTITY = "iPhone Developer";
				COPY_PHASE_STRIP = NO;
				DEBUG_INFORMATION_FORMAT = dwarf;
				ENABLE_STRICT_OBJC_MSGSEND = YES;
				ENABLE_TESTABILITY = YES;
				GCC_C_LANGUAGE_STANDARD = gnu11;
				GCC_DYNAMIC_NO_PIC = NO;
				GCC_NO_COMMON_BLOCKS = YES;
				GCC_OPTIMIZATION_LEVEL = 0;
				GCC_PREPROCESSOR_DEFINITIONS = (
					"DEBUG=1",
					"$(inherited)",
				);
				GCC_WARN_64_TO_32_BIT_CONVERSION = YES;
				GCC_WARN_ABOUT_RETURN_TYPE = YES_ERROR;
				GCC_WARN_UNDECLARED_SELECTOR = YES;
				GCC_WARN_UNINITIALIZED_AUTOS = YES_AGGRESSIVE;
				GCC_WARN_UNUSED_FUNCTION = YES;
				GCC_WARN_UNUSED_VARIABLE = YES;
				IPHONEOS_DEPLOYMENT_TARGET = 11.3;
				MTL_ENABLE_DEBUG_INFO = YES;
				ONLY_ACTIVE_ARCH = YES;
				SDKROOT = iphoneos;
				SWIFT_ACTIVE_COMPILATION_CONDITIONS = DEBUG;
				SWIFT_OPTIMIZATION_LEVEL = "-Onone";
			};
			name = Debug;
		};
		48141661207C5575009BF683 /* Release */ = {
			isa = XCBuildConfiguration;
			buildSettings = {
				ALWAYS_SEARCH_USER_PATHS = NO;
				CLANG_ANALYZER_NONNULL = YES;
				CLANG_ANALYZER_NUMBER_OBJECT_CONVERSION = YES_AGGRESSIVE;
				CLANG_CXX_LANGUAGE_STANDARD = "gnu++14";
				CLANG_CXX_LIBRARY = "libc++";
				CLANG_ENABLE_MODULES = YES;
				CLANG_ENABLE_OBJC_ARC = YES;
				CLANG_ENABLE_OBJC_WEAK = YES;
				CLANG_WARN_BLOCK_CAPTURE_AUTORELEASING = YES;
				CLANG_WARN_BOOL_CONVERSION = YES;
				CLANG_WARN_COMMA = YES;
				CLANG_WARN_CONSTANT_CONVERSION = YES;
				CLANG_WARN_DEPRECATED_OBJC_IMPLEMENTATIONS = YES;
				CLANG_WARN_DIRECT_OBJC_ISA_USAGE = YES_ERROR;
				CLANG_WARN_DOCUMENTATION_COMMENTS = YES;
				CLANG_WARN_EMPTY_BODY = YES;
				CLANG_WARN_ENUM_CONVERSION = YES;
				CLANG_WARN_INFINITE_RECURSION = YES;
				CLANG_WARN_INT_CONVERSION = YES;
				CLANG_WARN_NON_LITERAL_NULL_CONVERSION = YES;
				CLANG_WARN_OBJC_IMPLICIT_RETAIN_SELF = YES;
				CLANG_WARN_OBJC_LITERAL_CONVERSION = YES;
				CLANG_WARN_OBJC_ROOT_CLASS = YES_ERROR;
				CLANG_WARN_RANGE_LOOP_ANALYSIS = YES;
				CLANG_WARN_STRICT_PROTOTYPES = YES;
				CLANG_WARN_SUSPICIOUS_MOVE = YES;
				CLANG_WARN_UNGUARDED_AVAILABILITY = YES_AGGRESSIVE;
				CLANG_WARN_UNREACHABLE_CODE = YES;
				CLANG_WARN__DUPLICATE_METHOD_MATCH = YES;
				CODE_SIGN_IDENTITY = "iPhone Developer";
				COPY_PHASE_STRIP = NO;
				DEBUG_INFORMATION_FORMAT = "dwarf-with-dsym";
				ENABLE_NS_ASSERTIONS = NO;
				ENABLE_STRICT_OBJC_MSGSEND = YES;
				GCC_C_LANGUAGE_STANDARD = gnu11;
				GCC_NO_COMMON_BLOCKS = YES;
				GCC_WARN_64_TO_32_BIT_CONVERSION = YES;
				GCC_WARN_ABOUT_RETURN_TYPE = YES_ERROR;
				GCC_WARN_UNDECLARED_SELECTOR = YES;
				GCC_WARN_UNINITIALIZED_AUTOS = YES_AGGRESSIVE;
				GCC_WARN_UNUSED_FUNCTION = YES;
				GCC_WARN_UNUSED_VARIABLE = YES;
				IPHONEOS_DEPLOYMENT_TARGET = 11.3;
				MTL_ENABLE_DEBUG_INFO = NO;
				SDKROOT = iphoneos;
				SWIFT_COMPILATION_MODE = wholemodule;
				SWIFT_OPTIMIZATION_LEVEL = "-O";
				VALIDATE_PRODUCT = YES;
			};
			name = Release;
		};
		48141663207C5575009BF683 /* Debug */ = {
			isa = XCBuildConfiguration;
			baseConfigurationReference = 707FA9453FEF9287F3BE7A86 /* Pods-AgroEvo.debug.xcconfig */;
			buildSettings = {
				ASSETCATALOG_COMPILER_APPICON_NAME = AppIcon;
				CODE_SIGN_STYLE = Automatic;
				DEVELOPMENT_TEAM = Q73A22FCTQ;
				INFOPLIST_FILE = AgroEvo/Info.plist;
				LD_RUNPATH_SEARCH_PATHS = (
					"$(inherited)",
					"@executable_path/Frameworks",
				);
				PRODUCT_BUNDLE_IDENTIFIER = com.ITink.AgroEvo;
				PRODUCT_NAME = "$(TARGET_NAME)";
				SWIFT_VERSION = 4.0;
				TARGETED_DEVICE_FAMILY = "1,2";
			};
			name = Debug;
		};
		48141664207C5575009BF683 /* Release */ = {
			isa = XCBuildConfiguration;
			baseConfigurationReference = DB888AB558D327039E1003B5 /* Pods-AgroEvo.release.xcconfig */;
			buildSettings = {
				ASSETCATALOG_COMPILER_APPICON_NAME = AppIcon;
				CODE_SIGN_STYLE = Automatic;
				DEVELOPMENT_TEAM = Q73A22FCTQ;
				INFOPLIST_FILE = AgroEvo/Info.plist;
				LD_RUNPATH_SEARCH_PATHS = (
					"$(inherited)",
					"@executable_path/Frameworks",
				);
				PRODUCT_BUNDLE_IDENTIFIER = com.ITink.AgroEvo;
				PRODUCT_NAME = "$(TARGET_NAME)";
				SWIFT_VERSION = 4.0;
				TARGETED_DEVICE_FAMILY = "1,2";
			};
			name = Release;
		};
/* End XCBuildConfiguration section */

/* Begin XCConfigurationList section */
		4814164B207C5571009BF683 /* Build configuration list for PBXProject "AgroEvo" */ = {
			isa = XCConfigurationList;
			buildConfigurations = (
				48141660207C5575009BF683 /* Debug */,
				48141661207C5575009BF683 /* Release */,
			);
			defaultConfigurationIsVisible = 0;
			defaultConfigurationName = Release;
		};
		48141662207C5575009BF683 /* Build configuration list for PBXNativeTarget "AgroEvo" */ = {
			isa = XCConfigurationList;
			buildConfigurations = (
				48141663207C5575009BF683 /* Debug */,
				48141664207C5575009BF683 /* Release */,
			);
			defaultConfigurationIsVisible = 0;
			defaultConfigurationName = Release;
		};
/* End XCConfigurationList section */
	};
	rootObject = 48141648207C5571009BF683 /* Project object */;
}
